
Microsoft Visual Studio Solution File, Format Version 12.00
# Visual Studio Version 16
VisualStudioVersion = 16.0.30002.166
MinimumVisualStudioVersion = 10.0.40219.1
Project("{FAE04EC0-301F-11D3-BF4B-00C04F79EFBC}") = "DAL", "DAL\DAL.csproj", "{2246EE63-C356-4AAA-AFE2-EEA3585E43B6}"
EndProject
Project("{FAE04EC0-301F-11D3-BF4B-00C04F79EFBC}") = "BLL", "BLL\BLL.csproj", "{6E16E4D2-2B74-4A25-A91D-59BCD9439552}"
EndProject
Project("{FAE04EC0-301F-11D3-BF4B-00C04F79EFBC}") = "PL", "PL\PL.csproj", "{800CBB40-7722-4377-85FD-AE0D5C9B703D}"
EndProject
Global
	GlobalSection(SolutionConfigurationPlatforms) = preSolution
		Debug|Any CPU = Debug|Any CPU
		Release|Any CPU = Release|Any CPU
	EndGlobalSection
	GlobalSection(ProjectConfigurationPlatforms) = postSolution
		{2246EE63-C356-4AAA-AFE2-EEA3585E43B6}.Debug|Any CPU.ActiveCfg = Debug|Any CPU
		{2246EE63-C356-4AAA-AFE2-EEA3585E43B6}.Debug|Any CPU.Build.0 = Debug|Any CPU
		{2246EE63-C356-4AAA-AFE2-EEA3585E43B6}.Release|Any CPU.ActiveCfg = Release|Any CPU
		{2246EE63-C356-4AAA-AFE2-EEA3585E43B6}.Release|Any CPU.Build.0 = Release|Any CPU
		{6E16E4D2-2B74-4A25-A91D-59BCD9439552}.Debug|Any CPU.ActiveCfg = Debug|Any CPU
		{6E16E4D2-2B74-4A25-A91D-59BCD9439552}.Debug|Any CPU.Build.0 = Debug|Any CPU
		{6E16E4D2-2B74-4A25-A91D-59BCD9439552}.Release|Any CPU.ActiveCfg = Release|Any CPU
		{6E16E4D2-2B74-4A25-A91D-59BCD9439552}.Release|Any CPU.Build.0 = Release|Any CPU
		{800CBB40-7722-4377-85FD-AE0D5C9B703D}.Debug|Any CPU.ActiveCfg = Debug|Any CPU
		{800CBB40-7722-4377-85FD-AE0D5C9B703D}.Debug|Any CPU.Build.0 = Debug|Any CPU
		{800CBB40-7722-4377-85FD-AE0D5C9B703D}.Release|Any CPU.ActiveCfg = Release|Any CPU
		{800CBB40-7722-4377-85FD-AE0D5C9B703D}.Release|Any CPU.Build.0 = Release|Any CPU
	EndGlobalSection
	GlobalSection(SolutionProperties) = preSolution
		HideSolutionNode = FALSE
	EndGlobalSection
	GlobalSection(ExtensibilityGlobals) = postSolution
		SolutionGuid = {99628866-2A8D-4EE1-ADAA-F0DEF4CA8830}
	EndGlobalSection
EndGlobal
